// !$*UTF8*$!
{
	archiveVersion = 1;
	classes = {
	};
	objectVersion = 56;
	objects = {

/* Begin PBXBuildFile section */
		F660FE1F2B9AEEAD001DCA0A /* LoginController.swift in Sources */ = {isa = PBXBuildFile; fileRef = F660FE1E2B9AEEAD001DCA0A /* LoginController.swift */; };
		F660FE212B9AEED1001DCA0A /* ForgotPasswordController.swift in Sources */ = {isa = PBXBuildFile; fileRef = F660FE202B9AEED1001DCA0A /* ForgotPasswordController.swift */; };
		F660FE232B9AEEFE001DCA0A /* RegisterController.swift in Sources */ = {isa = PBXBuildFile; fileRef = F660FE222B9AEEFE001DCA0A /* RegisterController.swift */; };
		F660FE252B9AEF37001DCA0A /* HomeController.swift in Sources */ = {isa = PBXBuildFile; fileRef = F660FE242B9AEF37001DCA0A /* HomeController.swift */; };
		F660FE282B9AF09B001DCA0A /* AuthHeaderView.swift in Sources */ = {isa = PBXBuildFile; fileRef = F660FE272B9AF09B001DCA0A /* AuthHeaderView.swift */; };
		F660FE6C2B9B04A2001DCA0A /* CustomTextField.swift in Sources */ = {isa = PBXBuildFile; fileRef = F660FE6B2B9B04A2001DCA0A /* CustomTextField.swift */; };
		F660FE6E2B9B096D001DCA0A /* CustomButton.swift in Sources */ = {isa = PBXBuildFile; fileRef = F660FE6D2B9B096D001DCA0A /* CustomButton.swift */; };
		F660FE702B9B2A18001DCA0A /* WebViewerController.swift in Sources */ = {isa = PBXBuildFile; fileRef = F660FE6F2B9B2A18001DCA0A /* WebViewerController.swift */; };
		F660FE732B9B4F36001DCA0A /* AlertManager.swift in Sources */ = {isa = PBXBuildFile; fileRef = F660FE722B9B4F36001DCA0A /* AlertManager.swift */; };
		F660FE772B9B5C2B001DCA0A /* GoogleService-Info.plist in Resources */ = {isa = PBXBuildFile; fileRef = F660FE762B9B5C2B001DCA0A /* GoogleService-Info.plist */; };
		F660FE842BA17C21001DCA0A /* AuthService.swift in Sources */ = {isa = PBXBuildFile; fileRef = F660FE832BA17C20001DCA0A /* AuthService.swift */; };
		F660FE882BA17DB2001DCA0A /* RegisterUserRequest.swift in Sources */ = {isa = PBXBuildFile; fileRef = F660FE872BA17DB2001DCA0A /* RegisterUserRequest.swift */; };
		F660FE932BA18620001DCA0A /* LoginUserRequest.swift in Sources */ = {isa = PBXBuildFile; fileRef = F660FE922BA18620001DCA0A /* LoginUserRequest.swift */; };
		F660FE972BA19BE3001DCA0A /* Validator.swift in Sources */ = {isa = PBXBuildFile; fileRef = F660FE962BA19BE3001DCA0A /* Validator.swift */; };
		F6808B902BA1CF39006ED402 /* User.swift in Sources */ = {isa = PBXBuildFile; fileRef = F6808B8F2BA1CF39006ED402 /* User.swift */; };
		F683281A2BB3F61C001BF44B /* ChangePasswordController.swift in Sources */ = {isa = PBXBuildFile; fileRef = F68328192BB3F61C001BF44B /* ChangePasswordController.swift */; };
		F683281C2BB40D0E001BF44B /* DeleteAccountController.swift in Sources */ = {isa = PBXBuildFile; fileRef = F683281B2BB40D0E001BF44B /* DeleteAccountController.swift */; };
		F68328232BB54DB2001BF44B /* BusStopsViewModel.swift in Sources */ = {isa = PBXBuildFile; fileRef = F68328222BB54DB2001BF44B /* BusStopsViewModel.swift */; };
		F68328252BB55C24001BF44B /* BusLocationsViewModel.swift in Sources */ = {isa = PBXBuildFile; fileRef = F68328242BB55C24001BF44B /* BusLocationsViewModel.swift */; };
		F68328272BB57D7C001BF44B /* CustomFrame.swift in Sources */ = {isa = PBXBuildFile; fileRef = F68328262BB57D7C001BF44B /* CustomFrame.swift */; };
		F68328292BB69EBD001BF44B /* RegisterViewModel.swift in Sources */ = {isa = PBXBuildFile; fileRef = F68328282BB69EBD001BF44B /* RegisterViewModel.swift */; };
		F68329102BBD77FE001BF44B /* FirebaseAnalytics in Frameworks */ = {isa = PBXBuildFile; productRef = F683290F2BBD77FE001BF44B /* FirebaseAnalytics */; };
		F68329122BBD77FE001BF44B /* FirebaseAnalyticsOnDeviceConversion in Frameworks */ = {isa = PBXBuildFile; productRef = F68329112BBD77FE001BF44B /* FirebaseAnalyticsOnDeviceConversion */; };
		F68329142BBD77FE001BF44B /* FirebaseAnalyticsSwift in Frameworks */ = {isa = PBXBuildFile; productRef = F68329132BBD77FE001BF44B /* FirebaseAnalyticsSwift */; };
		F68329162BBD77FE001BF44B /* FirebaseAnalyticsWithoutAdIdSupport in Frameworks */ = {isa = PBXBuildFile; productRef = F68329152BBD77FE001BF44B /* FirebaseAnalyticsWithoutAdIdSupport */; };
		F68329182BBD77FE001BF44B /* FirebaseAppCheck in Frameworks */ = {isa = PBXBuildFile; productRef = F68329172BBD77FE001BF44B /* FirebaseAppCheck */; };
		F683291A2BBD77FE001BF44B /* FirebaseAppDistribution-Beta in Frameworks */ = {isa = PBXBuildFile; productRef = F68329192BBD77FE001BF44B /* FirebaseAppDistribution-Beta */; };
		F683291C2BBD77FE001BF44B /* FirebaseAuth in Frameworks */ = {isa = PBXBuildFile; productRef = F683291B2BBD77FE001BF44B /* FirebaseAuth */; };
		F683291E2BBD77FE001BF44B /* FirebaseAuthCombine-Community in Frameworks */ = {isa = PBXBuildFile; productRef = F683291D2BBD77FE001BF44B /* FirebaseAuthCombine-Community */; };
		F68329202BBD77FE001BF44B /* FirebaseCrashlytics in Frameworks */ = {isa = PBXBuildFile; productRef = F683291F2BBD77FE001BF44B /* FirebaseCrashlytics */; };
		F68329222BBD77FE001BF44B /* FirebaseDatabase in Frameworks */ = {isa = PBXBuildFile; productRef = F68329212BBD77FE001BF44B /* FirebaseDatabase */; };
		F68329242BBD77FE001BF44B /* FirebaseDatabaseSwift in Frameworks */ = {isa = PBXBuildFile; productRef = F68329232BBD77FE001BF44B /* FirebaseDatabaseSwift */; };
		F68329262BBD77FE001BF44B /* FirebaseDynamicLinks in Frameworks */ = {isa = PBXBuildFile; productRef = F68329252BBD77FE001BF44B /* FirebaseDynamicLinks */; };
		F68329282BBD77FE001BF44B /* FirebaseFirestore in Frameworks */ = {isa = PBXBuildFile; productRef = F68329272BBD77FE001BF44B /* FirebaseFirestore */; };
		F683292A2BBD77FE001BF44B /* FirebaseFirestoreCombine-Community in Frameworks */ = {isa = PBXBuildFile; productRef = F68329292BBD77FE001BF44B /* FirebaseFirestoreCombine-Community */; };
		F683292C2BBD77FE001BF44B /* FirebaseFirestoreSwift in Frameworks */ = {isa = PBXBuildFile; productRef = F683292B2BBD77FE001BF44B /* FirebaseFirestoreSwift */; };
		F683292E2BBD77FE001BF44B /* FirebaseFunctions in Frameworks */ = {isa = PBXBuildFile; productRef = F683292D2BBD77FE001BF44B /* FirebaseFunctions */; };
		F68329302BBD77FE001BF44B /* FirebaseFunctionsCombine-Community in Frameworks */ = {isa = PBXBuildFile; productRef = F683292F2BBD77FE001BF44B /* FirebaseFunctionsCombine-Community */; };
		F68329322BBD77FE001BF44B /* FirebaseInAppMessaging-Beta in Frameworks */ = {isa = PBXBuildFile; productRef = F68329312BBD77FE001BF44B /* FirebaseInAppMessaging-Beta */; };
		F68329342BBD77FE001BF44B /* FirebaseInAppMessagingSwift-Beta in Frameworks */ = {isa = PBXBuildFile; productRef = F68329332BBD77FE001BF44B /* FirebaseInAppMessagingSwift-Beta */; };
		F68329362BBD77FE001BF44B /* FirebaseInstallations in Frameworks */ = {isa = PBXBuildFile; productRef = F68329352BBD77FE001BF44B /* FirebaseInstallations */; };
		F68329382BBD77FE001BF44B /* FirebaseMLModelDownloader in Frameworks */ = {isa = PBXBuildFile; productRef = F68329372BBD77FE001BF44B /* FirebaseMLModelDownloader */; };
		F683293A2BBD77FE001BF44B /* FirebaseMessaging in Frameworks */ = {isa = PBXBuildFile; productRef = F68329392BBD77FE001BF44B /* FirebaseMessaging */; };
		F683293C2BBD77FE001BF44B /* FirebasePerformance in Frameworks */ = {isa = PBXBuildFile; productRef = F683293B2BBD77FE001BF44B /* FirebasePerformance */; };
		F683293E2BBD77FE001BF44B /* FirebaseRemoteConfig in Frameworks */ = {isa = PBXBuildFile; productRef = F683293D2BBD77FE001BF44B /* FirebaseRemoteConfig */; };
		F68329402BBD77FE001BF44B /* FirebaseRemoteConfigSwift in Frameworks */ = {isa = PBXBuildFile; productRef = F683293F2BBD77FE001BF44B /* FirebaseRemoteConfigSwift */; };
		F68329422BBD77FE001BF44B /* FirebaseStorage in Frameworks */ = {isa = PBXBuildFile; productRef = F68329412BBD77FE001BF44B /* FirebaseStorage */; };
		F68329442BBD77FE001BF44B /* FirebaseStorageCombine-Community in Frameworks */ = {isa = PBXBuildFile; productRef = F68329432BBD77FE001BF44B /* FirebaseStorageCombine-Community */; };
		F68329472BBD780C001BF44B /* SwiftyJSON in Frameworks */ = {isa = PBXBuildFile; productRef = F68329462BBD780C001BF44B /* SwiftyJSON */; };
		F68329492BBD781E001BF44B /* Alamofire in Frameworks */ = {isa = PBXBuildFile; productRef = F68329482BBD781E001BF44B /* Alamofire */; };
		F683294B2BBD781E001BF44B /* AlamofireDynamic in Frameworks */ = {isa = PBXBuildFile; productRef = F683294A2BBD781E001BF44B /* AlamofireDynamic */; };
		F694AE222BA3155E00022953 /* ConnectivityManager.swift in Sources */ = {isa = PBXBuildFile; fileRef = F694AE212BA3155E00022953 /* ConnectivityManager.swift */; };
		F694AE682BAAD2CF00022953 /* HamburgerMenuController.swift in Sources */ = {isa = PBXBuildFile; fileRef = F694AE672BAAD2CF00022953 /* HamburgerMenuController.swift */; };
		F694AE6A2BAAD68D00022953 /* UserSettingsController.swift in Sources */ = {isa = PBXBuildFile; fileRef = F694AE692BAAD68D00022953 /* UserSettingsController.swift */; };
		F694AE6C2BAB186800022953 /* BusStopResponseModel.swift in Sources */ = {isa = PBXBuildFile; fileRef = F694AE6B2BAB186800022953 /* BusStopResponseModel.swift */; };
		F694AE6E2BAB18FD00022953 /* BusStopsViewController.swift in Sources */ = {isa = PBXBuildFile; fileRef = F694AE6D2BAB18FD00022953 /* BusStopsViewController.swift */; };
		F694AE742BAB1A9400022953 /* bus_stops.json in Resources */ = {isa = PBXBuildFile; fileRef = F694AE732BAB1A9400022953 /* bus_stops.json */; };
		F6AF30DF2BAC3F7300E06AB3 /* DealerLocationsViewController.swift in Sources */ = {isa = PBXBuildFile; fileRef = F6AF30DE2BAC3F7300E06AB3 /* DealerLocationsViewController.swift */; };
		F6AF30E12BAC47A200E06AB3 /* BusLocationsResponseModel.swift in Sources */ = {isa = PBXBuildFile; fileRef = F6AF30E02BAC47A200E06AB3 /* BusLocationsResponseModel.swift */; };
		F6AF30E32BAC47CC00E06AB3 /* BusLocationsViewController.swift in Sources */ = {isa = PBXBuildFile; fileRef = F6AF30E22BAC47CB00E06AB3 /* BusLocationsViewController.swift */; };
		F6FD93AE2B9A09660075EB99 /* AppDelegate.swift in Sources */ = {isa = PBXBuildFile; fileRef = F6FD93AD2B9A09660075EB99 /* AppDelegate.swift */; };
		F6FD93B02B9A09660075EB99 /* SceneDelegate.swift in Sources */ = {isa = PBXBuildFile; fileRef = F6FD93AF2B9A09660075EB99 /* SceneDelegate.swift */; };
		F6FD93B72B9A09690075EB99 /* Assets.xcassets in Resources */ = {isa = PBXBuildFile; fileRef = F6FD93B62B9A09690075EB99 /* Assets.xcassets */; };
		F6FD93BA2B9A09690075EB99 /* LaunchScreen.storyboard in Resources */ = {isa = PBXBuildFile; fileRef = F6FD93B82B9A09690075EB99 /* LaunchScreen.storyboard */; };
/* End PBXBuildFile section */

/* Begin PBXFileReference section */
		F660FE1E2B9AEEAD001DCA0A /* LoginController.swift */ = {isa = PBXFileReference; lastKnownFileType = sourcecode.swift; path = LoginController.swift; sourceTree = "<group>"; };
		F660FE202B9AEED1001DCA0A /* ForgotPasswordController.swift */ = {isa = PBXFileReference; lastKnownFileType = sourcecode.swift; path = ForgotPasswordController.swift; sourceTree = "<group>"; };
		F660FE222B9AEEFE001DCA0A /* RegisterController.swift */ = {isa = PBXFileReference; lastKnownFileType = sourcecode.swift; path = RegisterController.swift; sourceTree = "<group>"; };
		F660FE242B9AEF37001DCA0A /* HomeController.swift */ = {isa = PBXFileReference; lastKnownFileType = sourcecode.swift; path = HomeController.swift; sourceTree = "<group>"; };
		F660FE272B9AF09B001DCA0A /* AuthHeaderView.swift */ = {isa = PBXFileReference; lastKnownFileType = sourcecode.swift; path = AuthHeaderView.swift; sourceTree = "<group>"; };
		F660FE6B2B9B04A2001DCA0A /* CustomTextField.swift */ = {isa = PBXFileReference; lastKnownFileType = sourcecode.swift; path = CustomTextField.swift; sourceTree = "<group>"; };
		F660FE6D2B9B096D001DCA0A /* CustomButton.swift */ = {isa = PBXFileReference; lastKnownFileType = sourcecode.swift; path = CustomButton.swift; sourceTree = "<group>"; };
		F660FE6F2B9B2A18001DCA0A /* WebViewerController.swift */ = {isa = PBXFileReference; lastKnownFileType = sourcecode.swift; path = WebViewerController.swift; sourceTree = "<group>"; };
		F660FE722B9B4F36001DCA0A /* AlertManager.swift */ = {isa = PBXFileReference; lastKnownFileType = sourcecode.swift; path = AlertManager.swift; sourceTree = "<group>"; };
		F660FE762B9B5C2B001DCA0A /* GoogleService-Info.plist */ = {isa = PBXFileReference; fileEncoding = 4; lastKnownFileType = text.plist.xml; name = "GoogleService-Info.plist"; path = "../../../../GoogleService-Info.plist"; sourceTree = "<group>"; };
		F660FE832BA17C20001DCA0A /* AuthService.swift */ = {isa = PBXFileReference; lastKnownFileType = sourcecode.swift; path = AuthService.swift; sourceTree = "<group>"; };
		F660FE872BA17DB2001DCA0A /* RegisterUserRequest.swift */ = {isa = PBXFileReference; lastKnownFileType = sourcecode.swift; path = RegisterUserRequest.swift; sourceTree = "<group>"; };
		F660FE922BA18620001DCA0A /* LoginUserRequest.swift */ = {isa = PBXFileReference; lastKnownFileType = sourcecode.swift; path = LoginUserRequest.swift; sourceTree = "<group>"; };
		F660FE962BA19BE3001DCA0A /* Validator.swift */ = {isa = PBXFileReference; lastKnownFileType = sourcecode.swift; path = Validator.swift; sourceTree = "<group>"; };
		F6808B8F2BA1CF39006ED402 /* User.swift */ = {isa = PBXFileReference; lastKnownFileType = sourcecode.swift; path = User.swift; sourceTree = "<group>"; };
		F68328192BB3F61C001BF44B /* ChangePasswordController.swift */ = {isa = PBXFileReference; lastKnownFileType = sourcecode.swift; path = ChangePasswordController.swift; sourceTree = "<group>"; };
		F683281B2BB40D0E001BF44B /* DeleteAccountController.swift */ = {isa = PBXFileReference; lastKnownFileType = sourcecode.swift; path = DeleteAccountController.swift; sourceTree = "<group>"; };
		F68328222BB54DB2001BF44B /* BusStopsViewModel.swift */ = {isa = PBXFileReference; lastKnownFileType = sourcecode.swift; path = BusStopsViewModel.swift; sourceTree = "<group>"; };
		F68328242BB55C24001BF44B /* BusLocationsViewModel.swift */ = {isa = PBXFileReference; lastKnownFileType = sourcecode.swift; path = BusLocationsViewModel.swift; sourceTree = "<group>"; };
		F68328262BB57D7C001BF44B /* CustomFrame.swift */ = {isa = PBXFileReference; lastKnownFileType = sourcecode.swift; path = CustomFrame.swift; sourceTree = "<group>"; };
		F68328282BB69EBD001BF44B /* RegisterViewModel.swift */ = {isa = PBXFileReference; lastKnownFileType = sourcecode.swift; path = RegisterViewModel.swift; sourceTree = "<group>"; };
		F694AE212BA3155E00022953 /* ConnectivityManager.swift */ = {isa = PBXFileReference; lastKnownFileType = sourcecode.swift; path = ConnectivityManager.swift; sourceTree = "<group>"; };
		F694AE672BAAD2CF00022953 /* HamburgerMenuController.swift */ = {isa = PBXFileReference; lastKnownFileType = sourcecode.swift; path = HamburgerMenuController.swift; sourceTree = "<group>"; };
		F694AE692BAAD68D00022953 /* UserSettingsController.swift */ = {isa = PBXFileReference; lastKnownFileType = sourcecode.swift; path = UserSettingsController.swift; sourceTree = "<group>"; };
		F694AE6B2BAB186800022953 /* BusStopResponseModel.swift */ = {isa = PBXFileReference; lastKnownFileType = sourcecode.swift; path = BusStopResponseModel.swift; sourceTree = "<group>"; };
		F694AE6D2BAB18FD00022953 /* BusStopsViewController.swift */ = {isa = PBXFileReference; lastKnownFileType = sourcecode.swift; path = BusStopsViewController.swift; sourceTree = "<group>"; };
		F694AE732BAB1A9400022953 /* bus_stops.json */ = {isa = PBXFileReference; lastKnownFileType = text.json; path = bus_stops.json; sourceTree = "<group>"; xcLanguageSpecificationIdentifier = xcode.lang.json; };
		F6AF30DE2BAC3F7300E06AB3 /* DealerLocationsViewController.swift */ = {isa = PBXFileReference; lastKnownFileType = sourcecode.swift; path = DealerLocationsViewController.swift; sourceTree = "<group>"; };
		F6AF30E02BAC47A200E06AB3 /* BusLocationsResponseModel.swift */ = {isa = PBXFileReference; lastKnownFileType = sourcecode.swift; path = BusLocationsResponseModel.swift; sourceTree = "<group>"; };
		F6AF30E22BAC47CB00E06AB3 /* BusLocationsViewController.swift */ = {isa = PBXFileReference; lastKnownFileType = sourcecode.swift; path = BusLocationsViewController.swift; sourceTree = "<group>"; };
		F6FD93AA2B9A09660075EB99 /* KitDeneme.app */ = {isa = PBXFileReference; explicitFileType = wrapper.application; includeInIndex = 0; path = KitDeneme.app; sourceTree = BUILT_PRODUCTS_DIR; };
		F6FD93AD2B9A09660075EB99 /* AppDelegate.swift */ = {isa = PBXFileReference; lastKnownFileType = sourcecode.swift; path = AppDelegate.swift; sourceTree = "<group>"; };
		F6FD93AF2B9A09660075EB99 /* SceneDelegate.swift */ = {isa = PBXFileReference; lastKnownFileType = sourcecode.swift; path = SceneDelegate.swift; sourceTree = "<group>"; };
		F6FD93B62B9A09690075EB99 /* Assets.xcassets */ = {isa = PBXFileReference; lastKnownFileType = folder.assetcatalog; path = Assets.xcassets; sourceTree = "<group>"; };
		F6FD93B92B9A09690075EB99 /* Base */ = {isa = PBXFileReference; lastKnownFileType = file.storyboard; name = Base; path = Base.lproj/LaunchScreen.storyboard; sourceTree = "<group>"; };
		F6FD93BB2B9A09690075EB99 /* Info.plist */ = {isa = PBXFileReference; lastKnownFileType = text.plist.xml; path = Info.plist; sourceTree = "<group>"; };
/* End PBXFileReference section */

/* Begin PBXFrameworksBuildPhase section */
		F6FD93A72B9A09660075EB99 /* Frameworks */ = {
			isa = PBXFrameworksBuildPhase;
			buildActionMask = 2147483647;
			files = (
				F68329222BBD77FE001BF44B /* FirebaseDatabase in Frameworks */,
				F68329302BBD77FE001BF44B /* FirebaseFunctionsCombine-Community in Frameworks */,
				F68329282BBD77FE001BF44B /* FirebaseFirestore in Frameworks */,
				F68329142BBD77FE001BF44B /* FirebaseAnalyticsSwift in Frameworks */,
				F68329102BBD77FE001BF44B /* FirebaseAnalytics in Frameworks */,
				F68329122BBD77FE001BF44B /* FirebaseAnalyticsOnDeviceConversion in Frameworks */,
				F68329382BBD77FE001BF44B /* FirebaseMLModelDownloader in Frameworks */,
				F683294B2BBD781E001BF44B /* AlamofireDynamic in Frameworks */,
				F683292C2BBD77FE001BF44B /* FirebaseFirestoreSwift in Frameworks */,
				F68329182BBD77FE001BF44B /* FirebaseAppCheck in Frameworks */,
				F68329162BBD77FE001BF44B /* FirebaseAnalyticsWithoutAdIdSupport in Frameworks */,
				F683291C2BBD77FE001BF44B /* FirebaseAuth in Frameworks */,
				F68329202BBD77FE001BF44B /* FirebaseCrashlytics in Frameworks */,
				F68329402BBD77FE001BF44B /* FirebaseRemoteConfigSwift in Frameworks */,
				F68329322BBD77FE001BF44B /* FirebaseInAppMessaging-Beta in Frameworks */,
				F68329242BBD77FE001BF44B /* FirebaseDatabaseSwift in Frameworks */,
				F683292E2BBD77FE001BF44B /* FirebaseFunctions in Frameworks */,
				F68329442BBD77FE001BF44B /* FirebaseStorageCombine-Community in Frameworks */,
				F683293E2BBD77FE001BF44B /* FirebaseRemoteConfig in Frameworks */,
				F683291A2BBD77FE001BF44B /* FirebaseAppDistribution-Beta in Frameworks */,
				F683291E2BBD77FE001BF44B /* FirebaseAuthCombine-Community in Frameworks */,
				F683293C2BBD77FE001BF44B /* FirebasePerformance in Frameworks */,
				F68329492BBD781E001BF44B /* Alamofire in Frameworks */,
				F68329342BBD77FE001BF44B /* FirebaseInAppMessagingSwift-Beta in Frameworks */,
				F68329472BBD780C001BF44B /* SwiftyJSON in Frameworks */,
				F68329422BBD77FE001BF44B /* FirebaseStorage in Frameworks */,
				F68329262BBD77FE001BF44B /* FirebaseDynamicLinks in Frameworks */,
				F683292A2BBD77FE001BF44B /* FirebaseFirestoreCombine-Community in Frameworks */,
				F683293A2BBD77FE001BF44B /* FirebaseMessaging in Frameworks */,
				F68329362BBD77FE001BF44B /* FirebaseInstallations in Frameworks */,
			);
			runOnlyForDeploymentPostprocessing = 0;
		};
/* End PBXFrameworksBuildPhase section */

/* Begin PBXGroup section */
		F660FE1B2B9AEDD3001DCA0A /* Supporting */ = {
			isa = PBXGroup;
			children = (
				F6FD93AD2B9A09660075EB99 /* AppDelegate.swift */,
				F6FD93AF2B9A09660075EB99 /* SceneDelegate.swift */,
				F6FD93B62B9A09690075EB99 /* Assets.xcassets */,
				F6FD93B82B9A09690075EB99 /* LaunchScreen.storyboard */,
				F660FE762B9B5C2B001DCA0A /* GoogleService-Info.plist */,
			);
			path = Supporting;
			sourceTree = "<group>";
		};
		F660FE262B9AEF6F001DCA0A /* Views */ = {
			isa = PBXGroup;
			children = (
				F660FE272B9AF09B001DCA0A /* AuthHeaderView.swift */,
				F660FE6B2B9B04A2001DCA0A /* CustomTextField.swift */,
				F660FE6D2B9B096D001DCA0A /* CustomButton.swift */,
				F68328262BB57D7C001BF44B /* CustomFrame.swift */,
			);
			path = Views;
			sourceTree = "<group>";
		};
		F660FE712B9B4F03001DCA0A /* ViewControllers */ = {
			isa = PBXGroup;
			children = (
				F660FE242B9AEF37001DCA0A /* HomeController.swift */,
				F660FE1E2B9AEEAD001DCA0A /* LoginController.swift */,
				F660FE222B9AEEFE001DCA0A /* RegisterController.swift */,
				F660FE202B9AEED1001DCA0A /* ForgotPasswordController.swift */,
				F694AE672BAAD2CF00022953 /* HamburgerMenuController.swift */,
				F694AE692BAAD68D00022953 /* UserSettingsController.swift */,
				F6AF30DE2BAC3F7300E06AB3 /* DealerLocationsViewController.swift */,
				F694AE6D2BAB18FD00022953 /* BusStopsViewController.swift */,
				F6AF30E22BAC47CB00E06AB3 /* BusLocationsViewController.swift */,
				F68328192BB3F61C001BF44B /* ChangePasswordController.swift */,
				F683281B2BB40D0E001BF44B /* DeleteAccountController.swift */,
			);
			path = ViewControllers;
			sourceTree = "<group>";
		};
		F660FE862BA17D74001DCA0A /* Models */ = {
			isa = PBXGroup;
			children = (
				F660FE872BA17DB2001DCA0A /* RegisterUserRequest.swift */,
				F660FE922BA18620001DCA0A /* LoginUserRequest.swift */,
				F6808B8F2BA1CF39006ED402 /* User.swift */,
				F694AE6B2BAB186800022953 /* BusStopResponseModel.swift */,
				F6AF30E02BAC47A200E06AB3 /* BusLocationsResponseModel.swift */,
			);
			path = Models;
			sourceTree = "<group>";
		};
		F660FE892BA18056001DCA0A /* Frameworks */ = {
			isa = PBXGroup;
			children = (
			);
			name = Frameworks;
			sourceTree = "<group>";
		};
		F683281D2BB549F4001BF44B /* Managers */ = {
			isa = PBXGroup;
			children = (
				F660FE722B9B4F36001DCA0A /* AlertManager.swift */,
				F660FE832BA17C20001DCA0A /* AuthService.swift */,
				F660FE962BA19BE3001DCA0A /* Validator.swift */,
				F694AE212BA3155E00022953 /* ConnectivityManager.swift */,
			);
			path = Managers;
			sourceTree = "<group>";
		};
		F68328212BB54DA0001BF44B /* ViewModels */ = {
			isa = PBXGroup;
			children = (
				F68328222BB54DB2001BF44B /* BusStopsViewModel.swift */,
				F68328242BB55C24001BF44B /* BusLocationsViewModel.swift */,
				F68328282BB69EBD001BF44B /* RegisterViewModel.swift */,
			);
			path = ViewModels;
			sourceTree = "<group>";
		};
		F694AE722BAB1A6900022953 /* JSON */ = {
			isa = PBXGroup;
			children = (
				F694AE732BAB1A9400022953 /* bus_stops.json */,
			);
			path = JSON;
			sourceTree = "<group>";
		};
		F6FD93A12B9A09660075EB99 = {
			isa = PBXGroup;
			children = (
				F6FD93AC2B9A09660075EB99 /* KitDeneme */,
				F6FD93AB2B9A09660075EB99 /* Products */,
				F660FE892BA18056001DCA0A /* Frameworks */,
			);
			sourceTree = "<group>";
		};
		F6FD93AB2B9A09660075EB99 /* Products */ = {
			isa = PBXGroup;
			children = (
				F6FD93AA2B9A09660075EB99 /* KitDeneme.app */,
			);
			name = Products;
			sourceTree = "<group>";
		};
		F6FD93AC2B9A09660075EB99 /* KitDeneme */ = {
			isa = PBXGroup;
			children = (
				F683281D2BB549F4001BF44B /* Managers */,
				F694AE722BAB1A6900022953 /* JSON */,
				F660FE862BA17D74001DCA0A /* Models */,
				F68328212BB54DA0001BF44B /* ViewModels */,
				F660FE712B9B4F03001DCA0A /* ViewControllers */,
				F660FE262B9AEF6F001DCA0A /* Views */,
				F660FE1B2B9AEDD3001DCA0A /* Supporting */,
				F6FD93BB2B9A09690075EB99 /* Info.plist */,
				F660FE6F2B9B2A18001DCA0A /* WebViewerController.swift */,
			);
			path = KitDeneme;
			sourceTree = "<group>";
		};
/* End PBXGroup section */

/* Begin PBXNativeTarget section */
		F6FD93A92B9A09660075EB99 /* KitDeneme */ = {
			isa = PBXNativeTarget;
			buildConfigurationList = F6FD93BE2B9A09690075EB99 /* Build configuration list for PBXNativeTarget "KitDeneme" */;
			buildPhases = (
				F6FD93A62B9A09660075EB99 /* Sources */,
				F6FD93A72B9A09660075EB99 /* Frameworks */,
				F6FD93A82B9A09660075EB99 /* Resources */,
			);
			buildRules = (
			);
			dependencies = (
			);
			name = KitDeneme;
			packageProductDependencies = (
				F683290F2BBD77FE001BF44B /* FirebaseAnalytics */,
				F68329112BBD77FE001BF44B /* FirebaseAnalyticsOnDeviceConversion */,
				F68329132BBD77FE001BF44B /* FirebaseAnalyticsSwift */,
				F68329152BBD77FE001BF44B /* FirebaseAnalyticsWithoutAdIdSupport */,
				F68329172BBD77FE001BF44B /* FirebaseAppCheck */,
				F68329192BBD77FE001BF44B /* FirebaseAppDistribution-Beta */,
				F683291B2BBD77FE001BF44B /* FirebaseAuth */,
				F683291D2BBD77FE001BF44B /* FirebaseAuthCombine-Community */,
				F683291F2BBD77FE001BF44B /* FirebaseCrashlytics */,
				F68329212BBD77FE001BF44B /* FirebaseDatabase */,
				F68329232BBD77FE001BF44B /* FirebaseDatabaseSwift */,
				F68329252BBD77FE001BF44B /* FirebaseDynamicLinks */,
				F68329272BBD77FE001BF44B /* FirebaseFirestore */,
				F68329292BBD77FE001BF44B /* FirebaseFirestoreCombine-Community */,
				F683292B2BBD77FE001BF44B /* FirebaseFirestoreSwift */,
				F683292D2BBD77FE001BF44B /* FirebaseFunctions */,
				F683292F2BBD77FE001BF44B /* FirebaseFunctionsCombine-Community */,
				F68329312BBD77FE001BF44B /* FirebaseInAppMessaging-Beta */,
				F68329332BBD77FE001BF44B /* FirebaseInAppMessagingSwift-Beta */,
				F68329352BBD77FE001BF44B /* FirebaseInstallations */,
				F68329372BBD77FE001BF44B /* FirebaseMLModelDownloader */,
				F68329392BBD77FE001BF44B /* FirebaseMessaging */,
				F683293B2BBD77FE001BF44B /* FirebasePerformance */,
				F683293D2BBD77FE001BF44B /* FirebaseRemoteConfig */,
				F683293F2BBD77FE001BF44B /* FirebaseRemoteConfigSwift */,
				F68329412BBD77FE001BF44B /* FirebaseStorage */,
				F68329432BBD77FE001BF44B /* FirebaseStorageCombine-Community */,
				F68329462BBD780C001BF44B /* SwiftyJSON */,
				F68329482BBD781E001BF44B /* Alamofire */,
				F683294A2BBD781E001BF44B /* AlamofireDynamic */,
			);
			productName = KitDeneme;
			productReference = F6FD93AA2B9A09660075EB99 /* KitDeneme.app */;
			productType = "com.apple.product-type.application";
		};
/* End PBXNativeTarget section */

/* Begin PBXProject section */
		F6FD93A22B9A09660075EB99 /* Project object */ = {
			isa = PBXProject;
			attributes = {
				BuildIndependentTargetsInParallel = 1;
				LastSwiftUpdateCheck = 1520;
				LastUpgradeCheck = 1520;
				TargetAttributes = {
					F6FD93A92B9A09660075EB99 = {
						CreatedOnToolsVersion = 15.2;
					};
				};
			};
			buildConfigurationList = F6FD93A52B9A09660075EB99 /* Build configuration list for PBXProject "KitDeneme" */;
			compatibilityVersion = "Xcode 14.0";
			developmentRegion = en;
			hasScannedForEncodings = 0;
			knownRegions = (
				en,
				Base,
			);
			mainGroup = F6FD93A12B9A09660075EB99;
			packageReferences = (
				F694AE232BA48F9B00022953 /* XCRemoteSwiftPackageReference "Alamofire" */,
				F694AE282BA48FDF00022953 /* XCRemoteSwiftPackageReference "firebase-ios-sdk" */,
				F68329452BBD780C001BF44B /* XCRemoteSwiftPackageReference "SwiftyJSON" */,
			);
			productRefGroup = F6FD93AB2B9A09660075EB99 /* Products */;
			projectDirPath = "";
			projectRoot = "";
			targets = (
				F6FD93A92B9A09660075EB99 /* KitDeneme */,
			);
		};
/* End PBXProject section */

/* Begin PBXResourcesBuildPhase section */
		F6FD93A82B9A09660075EB99 /* Resources */ = {
			isa = PBXResourcesBuildPhase;
			buildActionMask = 2147483647;
			files = (
				F6FD93BA2B9A09690075EB99 /* LaunchScreen.storyboard in Resources */,
				F694AE742BAB1A9400022953 /* bus_stops.json in Resources */,
				F6FD93B72B9A09690075EB99 /* Assets.xcassets in Resources */,
				F660FE772B9B5C2B001DCA0A /* GoogleService-Info.plist in Resources */,
			);
			runOnlyForDeploymentPostprocessing = 0;
		};
/* End PBXResourcesBuildPhase section */

/* Begin PBXSourcesBuildPhase section */
		F6FD93A62B9A09660075EB99 /* Sources */ = {
			isa = PBXSourcesBuildPhase;
			buildActionMask = 2147483647;
			files = (
				F6AF30E32BAC47CC00E06AB3 /* BusLocationsViewController.swift in Sources */,
				F68328292BB69EBD001BF44B /* RegisterViewModel.swift in Sources */,
				F660FE212B9AEED1001DCA0A /* ForgotPasswordController.swift in Sources */,
				F660FE732B9B4F36001DCA0A /* AlertManager.swift in Sources */,
				F660FE252B9AEF37001DCA0A /* HomeController.swift in Sources */,
				F694AE6E2BAB18FD00022953 /* BusStopsViewController.swift in Sources */,
				F683281A2BB3F61C001BF44B /* ChangePasswordController.swift in Sources */,
				F68328272BB57D7C001BF44B /* CustomFrame.swift in Sources */,
				F660FE842BA17C21001DCA0A /* AuthService.swift in Sources */,
				F694AE6A2BAAD68D00022953 /* UserSettingsController.swift in Sources */,
				F683281C2BB40D0E001BF44B /* DeleteAccountController.swift in Sources */,
				F6808B902BA1CF39006ED402 /* User.swift in Sources */,
				F660FE932BA18620001DCA0A /* LoginUserRequest.swift in Sources */,
				F68328232BB54DB2001BF44B /* BusStopsViewModel.swift in Sources */,
				F694AE682BAAD2CF00022953 /* HamburgerMenuController.swift in Sources */,
				F660FE6E2B9B096D001DCA0A /* CustomButton.swift in Sources */,
				F694AE6C2BAB186800022953 /* BusStopResponseModel.swift in Sources */,
				F6AF30E12BAC47A200E06AB3 /* BusLocationsResponseModel.swift in Sources */,
				F68328252BB55C24001BF44B /* BusLocationsViewModel.swift in Sources */,
				F694AE222BA3155E00022953 /* ConnectivityManager.swift in Sources */,
				F660FE232B9AEEFE001DCA0A /* RegisterController.swift in Sources */,
				F660FE972BA19BE3001DCA0A /* Validator.swift in Sources */,
				F6FD93AE2B9A09660075EB99 /* AppDelegate.swift in Sources */,
				F660FE6C2B9B04A2001DCA0A /* CustomTextField.swift in Sources */,
				F6AF30DF2BAC3F7300E06AB3 /* DealerLocationsViewController.swift in Sources */,
				F660FE882BA17DB2001DCA0A /* RegisterUserRequest.swift in Sources */,
				F660FE1F2B9AEEAD001DCA0A /* LoginController.swift in Sources */,
				F6FD93B02B9A09660075EB99 /* SceneDelegate.swift in Sources */,
				F660FE702B9B2A18001DCA0A /* WebViewerController.swift in Sources */,
				F660FE282B9AF09B001DCA0A /* AuthHeaderView.swift in Sources */,
			);
			runOnlyForDeploymentPostprocessing = 0;
		};
/* End PBXSourcesBuildPhase section */

/* Begin PBXVariantGroup section */
		F6FD93B82B9A09690075EB99 /* LaunchScreen.storyboard */ = {
			isa = PBXVariantGroup;
			children = (
				F6FD93B92B9A09690075EB99 /* Base */,
			);
			name = LaunchScreen.storyboard;
			sourceTree = "<group>";
		};
/* End PBXVariantGroup section */

/* Begin XCBuildConfiguration section */
		F6FD93BC2B9A09690075EB99 /* Debug */ = {
			isa = XCBuildConfiguration;
			buildSettings = {
				ALWAYS_SEARCH_USER_PATHS = NO;
				ASSETCATALOG_COMPILER_GENERATE_SWIFT_ASSET_SYMBOL_EXTENSIONS = YES;
				CLANG_ANALYZER_NONNULL = YES;
				CLANG_ANALYZER_NUMBER_OBJECT_CONVERSION = YES_AGGRESSIVE;
				CLANG_CXX_LANGUAGE_STANDARD = "gnu++20";
				CLANG_ENABLE_MODULES = YES;
				CLANG_ENABLE_OBJC_ARC = YES;
				CLANG_ENABLE_OBJC_WEAK = YES;
				CLANG_WARN_BLOCK_CAPTURE_AUTORELEASING = YES;
				CLANG_WARN_BOOL_CONVERSION = YES;
				CLANG_WARN_COMMA = YES;
				CLANG_WARN_CONSTANT_CONVERSION = YES;
				CLANG_WARN_DEPRECATED_OBJC_IMPLEMENTATIONS = YES;
				CLANG_WARN_DIRECT_OBJC_ISA_USAGE = YES_ERROR;
				CLANG_WARN_DOCUMENTATION_COMMENTS = YES;
				CLANG_WARN_EMPTY_BODY = YES;
				CLANG_WARN_ENUM_CONVERSION = YES;
				CLANG_WARN_INFINITE_RECURSION = YES;
				CLANG_WARN_INT_CONVERSION = YES;
				CLANG_WARN_NON_LITERAL_NULL_CONVERSION = YES;
				CLANG_WARN_OBJC_IMPLICIT_RETAIN_SELF = YES;
				CLANG_WARN_OBJC_LITERAL_CONVERSION = YES;
				CLANG_WARN_OBJC_ROOT_CLASS = YES_ERROR;
				CLANG_WARN_QUOTED_INCLUDE_IN_FRAMEWORK_HEADER = YES;
				CLANG_WARN_RANGE_LOOP_ANALYSIS = YES;
				CLANG_WARN_STRICT_PROTOTYPES = YES;
				CLANG_WARN_SUSPICIOUS_MOVE = YES;
				CLANG_WARN_UNGUARDED_AVAILABILITY = YES_AGGRESSIVE;
				CLANG_WARN_UNREACHABLE_CODE = YES;
				CLANG_WARN__DUPLICATE_METHOD_MATCH = YES;
				COPY_PHASE_STRIP = NO;
				DEBUG_INFORMATION_FORMAT = dwarf;
				ENABLE_STRICT_OBJC_MSGSEND = YES;
				ENABLE_TESTABILITY = YES;
				ENABLE_USER_SCRIPT_SANDBOXING = YES;
				GCC_C_LANGUAGE_STANDARD = gnu17;
				GCC_DYNAMIC_NO_PIC = NO;
				GCC_NO_COMMON_BLOCKS = YES;
				GCC_OPTIMIZATION_LEVEL = 0;
				GCC_PREPROCESSOR_DEFINITIONS = (
					"DEBUG=1",
					"$(inherited)",
				);
				GCC_WARN_64_TO_32_BIT_CONVERSION = YES;
				GCC_WARN_ABOUT_RETURN_TYPE = YES_ERROR;
				GCC_WARN_UNDECLARED_SELECTOR = YES;
				GCC_WARN_UNINITIALIZED_AUTOS = YES_AGGRESSIVE;
				GCC_WARN_UNUSED_FUNCTION = YES;
				GCC_WARN_UNUSED_VARIABLE = YES;
				IPHONEOS_DEPLOYMENT_TARGET = 17.2;
				LOCALIZATION_PREFERS_STRING_CATALOGS = YES;
				MTL_ENABLE_DEBUG_INFO = INCLUDE_SOURCE;
				MTL_FAST_MATH = YES;
				ONLY_ACTIVE_ARCH = YES;
				SDKROOT = iphoneos;
				SWIFT_ACTIVE_COMPILATION_CONDITIONS = "DEBUG $(inherited)";
				SWIFT_OPTIMIZATION_LEVEL = "-Onone";
			};
			name = Debug;
		};
		F6FD93BD2B9A09690075EB99 /* Release */ = {
			isa = XCBuildConfiguration;
			buildSettings = {
				ALWAYS_SEARCH_USER_PATHS = NO;
				ASSETCATALOG_COMPILER_GENERATE_SWIFT_ASSET_SYMBOL_EXTENSIONS = YES;
				CLANG_ANALYZER_NONNULL = YES;
				CLANG_ANALYZER_NUMBER_OBJECT_CONVERSION = YES_AGGRESSIVE;
				CLANG_CXX_LANGUAGE_STANDARD = "gnu++20";
				CLANG_ENABLE_MODULES = YES;
				CLANG_ENABLE_OBJC_ARC = YES;
				CLANG_ENABLE_OBJC_WEAK = YES;
				CLANG_WARN_BLOCK_CAPTURE_AUTORELEASING = YES;
				CLANG_WARN_BOOL_CONVERSION = YES;
				CLANG_WARN_COMMA = YES;
				CLANG_WARN_CONSTANT_CONVERSION = YES;
				CLANG_WARN_DEPRECATED_OBJC_IMPLEMENTATIONS = YES;
				CLANG_WARN_DIRECT_OBJC_ISA_USAGE = YES_ERROR;
				CLANG_WARN_DOCUMENTATION_COMMENTS = YES;
				CLANG_WARN_EMPTY_BODY = YES;
				CLANG_WARN_ENUM_CONVERSION = YES;
				CLANG_WARN_INFINITE_RECURSION = YES;
				CLANG_WARN_INT_CONVERSION = YES;
				CLANG_WARN_NON_LITERAL_NULL_CONVERSION = YES;
				CLANG_WARN_OBJC_IMPLICIT_RETAIN_SELF = YES;
				CLANG_WARN_OBJC_LITERAL_CONVERSION = YES;
				CLANG_WARN_OBJC_ROOT_CLASS = YES_ERROR;
				CLANG_WARN_QUOTED_INCLUDE_IN_FRAMEWORK_HEADER = YES;
				CLANG_WARN_RANGE_LOOP_ANALYSIS = YES;
				CLANG_WARN_STRICT_PROTOTYPES = YES;
				CLANG_WARN_SUSPICIOUS_MOVE = YES;
				CLANG_WARN_UNGUARDED_AVAILABILITY = YES_AGGRESSIVE;
				CLANG_WARN_UNREACHABLE_CODE = YES;
				CLANG_WARN__DUPLICATE_METHOD_MATCH = YES;
				COPY_PHASE_STRIP = NO;
				DEBUG_INFORMATION_FORMAT = "dwarf-with-dsym";
				ENABLE_NS_ASSERTIONS = NO;
				ENABLE_STRICT_OBJC_MSGSEND = YES;
				ENABLE_USER_SCRIPT_SANDBOXING = YES;
				GCC_C_LANGUAGE_STANDARD = gnu17;
				GCC_NO_COMMON_BLOCKS = YES;
				GCC_WARN_64_TO_32_BIT_CONVERSION = YES;
				GCC_WARN_ABOUT_RETURN_TYPE = YES_ERROR;
				GCC_WARN_UNDECLARED_SELECTOR = YES;
				GCC_WARN_UNINITIALIZED_AUTOS = YES_AGGRESSIVE;
				GCC_WARN_UNUSED_FUNCTION = YES;
				GCC_WARN_UNUSED_VARIABLE = YES;
				IPHONEOS_DEPLOYMENT_TARGET = 17.2;
				LOCALIZATION_PREFERS_STRING_CATALOGS = YES;
				MTL_ENABLE_DEBUG_INFO = NO;
				MTL_FAST_MATH = YES;
				SDKROOT = iphoneos;
				SWIFT_COMPILATION_MODE = wholemodule;
				VALIDATE_PRODUCT = YES;
			};
			name = Release;
		};
		F6FD93BF2B9A09690075EB99 /* Debug */ = {
			isa = XCBuildConfiguration;
			buildSettings = {
				ASSETCATALOG_COMPILER_APPICON_NAME = AppIcon;
				ASSETCATALOG_COMPILER_GLOBAL_ACCENT_COLOR_NAME = AccentColor;
				CODE_SIGN_STYLE = Automatic;
				CURRENT_PROJECT_VERSION = 1;
				GENERATE_INFOPLIST_FILE = YES;
				INFOPLIST_FILE = KitDeneme/Info.plist;
				INFOPLIST_KEY_UIApplicationSupportsIndirectInputEvents = YES;
				INFOPLIST_KEY_UILaunchStoryboardName = LaunchScreen;
				INFOPLIST_KEY_UISupportedInterfaceOrientations_iPad = "UIInterfaceOrientationPortrait UIInterfaceOrientationPortraitUpsideDown UIInterfaceOrientationLandscapeLeft UIInterfaceOrientationLandscapeRight";
				INFOPLIST_KEY_UISupportedInterfaceOrientations_iPhone = "UIInterfaceOrientationPortrait UIInterfaceOrientationLandscapeLeft UIInterfaceOrientationLandscapeRight";
				LD_RUNPATH_SEARCH_PATHS = (
					"$(inherited)",
					"@executable_path/Frameworks",
				);
				MARKETING_VERSION = 1.0;
				PRODUCT_BUNDLE_IDENTIFIER = com.ozan.KitDeneme;
				PRODUCT_NAME = "$(TARGET_NAME)";
				SWIFT_EMIT_LOC_STRINGS = YES;
				SWIFT_VERSION = 5.0;
				TARGETED_DEVICE_FAMILY = "1,2";
			};
			name = Debug;
		};
		F6FD93C02B9A09690075EB99 /* Release */ = {
			isa = XCBuildConfiguration;
			buildSettings = {
				ASSETCATALOG_COMPILER_APPICON_NAME = AppIcon;
				ASSETCATALOG_COMPILER_GLOBAL_ACCENT_COLOR_NAME = AccentColor;
				CODE_SIGN_STYLE = Automatic;
				CURRENT_PROJECT_VERSION = 1;
				GENERATE_INFOPLIST_FILE = YES;
				INFOPLIST_FILE = KitDeneme/Info.plist;
				INFOPLIST_KEY_UIApplicationSupportsIndirectInputEvents = YES;
				INFOPLIST_KEY_UILaunchStoryboardName = LaunchScreen;
				INFOPLIST_KEY_UISupportedInterfaceOrientations_iPad = "UIInterfaceOrientationPortrait UIInterfaceOrientationPortraitUpsideDown UIInterfaceOrientationLandscapeLeft UIInterfaceOrientationLandscapeRight";
				INFOPLIST_KEY_UISupportedInterfaceOrientations_iPhone = "UIInterfaceOrientationPortrait UIInterfaceOrientationLandscapeLeft UIInterfaceOrientationLandscapeRight";
				LD_RUNPATH_SEARCH_PATHS = (
					"$(inherited)",
					"@executable_path/Frameworks",
				);
				MARKETING_VERSION = 1.0;
				PRODUCT_BUNDLE_IDENTIFIER = com.ozan.KitDeneme;
				PRODUCT_NAME = "$(TARGET_NAME)";
				SWIFT_EMIT_LOC_STRINGS = YES;
				SWIFT_VERSION = 5.0;
				TARGETED_DEVICE_FAMILY = "1,2";
			};
			name = Release;
		};
/* End XCBuildConfiguration section */

/* Begin XCConfigurationList section */
		F6FD93A52B9A09660075EB99 /* Build configuration list for PBXProject "KitDeneme" */ = {
			isa = XCConfigurationList;
			buildConfigurations = (
				F6FD93BC2B9A09690075EB99 /* Debug */,
				F6FD93BD2B9A09690075EB99 /* Release */,
			);
			defaultConfigurationIsVisible = 0;
			defaultConfigurationName = Release;
		};
		F6FD93BE2B9A09690075EB99 /* Build configuration list for PBXNativeTarget "KitDeneme" */ = {
			isa = XCConfigurationList;
			buildConfigurations = (
				F6FD93BF2B9A09690075EB99 /* Debug */,
				F6FD93C02B9A09690075EB99 /* Release */,
			);
			defaultConfigurationIsVisible = 0;
			defaultConfigurationName = Release;
		};
/* End XCConfigurationList section */

/* Begin XCRemoteSwiftPackageReference section */
		F68329452BBD780C001BF44B /* XCRemoteSwiftPackageReference "SwiftyJSON" */ = {
			isa = XCRemoteSwiftPackageReference;
			repositoryURL = "https://github.com/SwiftyJSON/SwiftyJSON";
			requirement = {
				kind = upToNextMajorVersion;
				minimumVersion = 5.0.2;
			};
		};
		F694AE232BA48F9B00022953 /* XCRemoteSwiftPackageReference "Alamofire" */ = {
			isa = XCRemoteSwiftPackageReference;
			repositoryURL = "https://github.com/Alamofire/Alamofire";
			requirement = {
				kind = upToNextMajorVersion;
				minimumVersion = 5.9.0;
			};
		};
		F694AE282BA48FDF00022953 /* XCRemoteSwiftPackageReference "firebase-ios-sdk" */ = {
			isa = XCRemoteSwiftPackageReference;
			repositoryURL = "https://github.com/firebase/firebase-ios-sdk";
			requirement = {
				kind = upToNextMajorVersion;
				minimumVersion = 10.22.1;
			};
		};
/* End XCRemoteSwiftPackageReference section */

/* Begin XCSwiftPackageProductDependency section */
		F683290F2BBD77FE001BF44B /* FirebaseAnalytics */ = {
			isa = XCSwiftPackageProductDependency;
			package = F694AE282BA48FDF00022953 /* XCRemoteSwiftPackageReference "firebase-ios-sdk" */;
			productName = FirebaseAnalytics;
		};
		F68329112BBD77FE001BF44B /* FirebaseAnalyticsOnDeviceConversion */ = {
			isa = XCSwiftPackageProductDependency;
			package = F694AE282BA48FDF00022953 /* XCRemoteSwiftPackageReference "firebase-ios-sdk" */;
			productName = FirebaseAnalyticsOnDeviceConversion;
		};
		F68329132BBD77FE001BF44B /* FirebaseAnalyticsSwift */ = {
			isa = XCSwiftPackageProductDependency;
			package = F694AE282BA48FDF00022953 /* XCRemoteSwiftPackageReference "firebase-ios-sdk" */;
			productName = FirebaseAnalyticsSwift;
		};
		F68329152BBD77FE001BF44B /* FirebaseAnalyticsWithoutAdIdSupport */ = {
			isa = XCSwiftPackageProductDependency;
			package = F694AE282BA48FDF00022953 /* XCRemoteSwiftPackageReference "firebase-ios-sdk" */;
			productName = FirebaseAnalyticsWithoutAdIdSupport;
		};
		F68329172BBD77FE001BF44B /* FirebaseAppCheck */ = {
			isa = XCSwiftPackageProductDependency;
			package = F694AE282BA48FDF00022953 /* XCRemoteSwiftPackageReference "firebase-ios-sdk" */;
			productName = FirebaseAppCheck;
		};
		F68329192BBD77FE001BF44B /* FirebaseAppDistribution-Beta */ = {
			isa = XCSwiftPackageProductDependency;
			package = F694AE282BA48FDF00022953 /* XCRemoteSwiftPackageReference "firebase-ios-sdk" */;
			productName = "FirebaseAppDistribution-Beta";
		};
		F683291B2BBD77FE001BF44B /* FirebaseAuth */ = {
			isa = XCSwiftPackageProductDependency;
			package = F694AE282BA48FDF00022953 /* XCRemoteSwiftPackageReference "firebase-ios-sdk" */;
			productName = FirebaseAuth;
		};
		F683291D2BBD77FE001BF44B /* FirebaseAuthCombine-Community */ = {
			isa = XCSwiftPackageProductDependency;
			package = F694AE282BA48FDF00022953 /* XCRemoteSwiftPackageReference "firebase-ios-sdk" */;
			productName = "FirebaseAuthCombine-Community";
		};
		F683291F2BBD77FE001BF44B /* FirebaseCrashlytics */ = {
			isa = XCSwiftPackageProductDependency;
			package = F694AE282BA48FDF00022953 /* XCRemoteSwiftPackageReference "firebase-ios-sdk" */;
			productName = FirebaseCrashlytics;
		};
		F68329212BBD77FE001BF44B /* FirebaseDatabase */ = {
			isa = XCSwiftPackageProductDependency;
			package = F694AE282BA48FDF00022953 /* XCRemoteSwiftPackageReference "firebase-ios-sdk" */;
			productName = FirebaseDatabase;
		};
		F68329232BBD77FE001BF44B /* FirebaseDatabaseSwift */ = {
			isa = XCSwiftPackageProductDependency;
			package = F694AE282BA48FDF00022953 /* XCRemoteSwiftPackageReference "firebase-ios-sdk" */;
			productName = FirebaseDatabaseSwift;
		};
		F68329252BBD77FE001BF44B /* FirebaseDynamicLinks */ = {
			isa = XCSwiftPackageProductDependency;
			package = F694AE282BA48FDF00022953 /* XCRemoteSwiftPackageReference "firebase-ios-sdk" */;
			productName = FirebaseDynamicLinks;
		};
		F68329272BBD77FE001BF44B /* FirebaseFirestore */ = {
			isa = XCSwiftPackageProductDependency;
			package = F694AE282BA48FDF00022953 /* XCRemoteSwiftPackageReference "firebase-ios-sdk" */;
			productName = FirebaseFirestore;
		};
		F68329292BBD77FE001BF44B /* FirebaseFirestoreCombine-Community */ = {
			isa = XCSwiftPackageProductDependency;
			package = F694AE282BA48FDF00022953 /* XCRemoteSwiftPackageReference "firebase-ios-sdk" */;
			productName = "FirebaseFirestoreCombine-Community";
		};
		F683292B2BBD77FE001BF44B /* FirebaseFirestoreSwift */ = {
			isa = XCSwiftPackageProductDependency;
			package = F694AE282BA48FDF00022953 /* XCRemoteSwiftPackageReference "firebase-ios-sdk" */;
			productName = FirebaseFirestoreSwift;
		};
		F683292D2BBD77FE001BF44B /* FirebaseFunctions */ = {
			isa = XCSwiftPackageProductDependency;
			package = F694AE282BA48FDF00022953 /* XCRemoteSwiftPackageReference "firebase-ios-sdk" */;
			productName = FirebaseFunctions;
		};
		F683292F2BBD77FE001BF44B /* FirebaseFunctionsCombine-Community */ = {
			isa = XCSwiftPackageProductDependency;
			package = F694AE282BA48FDF00022953 /* XCRemoteSwiftPackageReference "firebase-ios-sdk" */;
			productName = "FirebaseFunctionsCombine-Community";
		};
		F68329312BBD77FE001BF44B /* FirebaseInAppMessaging-Beta */ = {
			isa = XCSwiftPackageProductDependency;
			package = F694AE282BA48FDF00022953 /* XCRemoteSwiftPackageReference "firebase-ios-sdk" */;
			productName = "FirebaseInAppMessaging-Beta";
		};
		F68329332BBD77FE001BF44B /* FirebaseInAppMessagingSwift-Beta */ = {
			isa = XCSwiftPackageProductDependency;
			package = F694AE282BA48FDF00022953 /* XCRemoteSwiftPackageReference "firebase-ios-sdk" */;
			productName = "FirebaseInAppMessagingSwift-Beta";
		};
		F68329352BBD77FE001BF44B /* FirebaseInstallations */ = {
			isa = XCSwiftPackageProductDependency;
			package = F694AE282BA48FDF00022953 /* XCRemoteSwiftPackageReference "firebase-ios-sdk" */;
			productName = FirebaseInstallations;
		};
		F68329372BBD77FE001BF44B /* FirebaseMLModelDownloader */ = {
			isa = XCSwiftPackageProductDependency;
			package = F694AE282BA48FDF00022953 /* XCRemoteSwiftPackageReference "firebase-ios-sdk" */;
			productName = FirebaseMLModelDownloader;
		};
		F68329392BBD77FE001BF44B /* FirebaseMessaging */ = {
			isa = XCSwiftPackageProductDependency;
			package = F694AE282BA48FDF00022953 /* XCRemoteSwiftPackageReference "firebase-ios-sdk" */;
			productName = FirebaseMessaging;
		};
		F683293B2BBD77FE001BF44B /* FirebasePerformance */ = {
			isa = XCSwiftPackageProductDependency;
			package = F694AE282BA48FDF00022953 /* XCRemoteSwiftPackageReference "firebase-ios-sdk" */;
			productName = FirebasePerformance;
		};
		F683293D2BBD77FE001BF44B /* FirebaseRemoteConfig */ = {
			isa = XCSwiftPackageProductDependency;
			package = F694AE282BA48FDF00022953 /* XCRemoteSwiftPackageReference "firebase-ios-sdk" */;
			productName = FirebaseRemoteConfig;
		};
		F683293F2BBD77FE001BF44B /* FirebaseRemoteConfigSwift */ = {
			isa = XCSwiftPackageProductDependency;
			package = F694AE282BA48FDF00022953 /* XCRemoteSwiftPackageReference "firebase-ios-sdk" */;
			productName = FirebaseRemoteConfigSwift;
		};
		F68329412BBD77FE001BF44B /* FirebaseStorage */ = {
			isa = XCSwiftPackageProductDependency;
			package = F694AE282BA48FDF00022953 /* XCRemoteSwiftPackageReference "firebase-ios-sdk" */;
			productName = FirebaseStorage;
		};
		F68329432BBD77FE001BF44B /* FirebaseStorageCombine-Community */ = {
			isa = XCSwiftPackageProductDependency;
			package = F694AE282BA48FDF00022953 /* XCRemoteSwiftPackageReference "firebase-ios-sdk" */;
			productName = "FirebaseStorageCombine-Community";
		};
		F68329462BBD780C001BF44B /* SwiftyJSON */ = {
			isa = XCSwiftPackageProductDependency;
			package = F68329452BBD780C001BF44B /* XCRemoteSwiftPackageReference "SwiftyJSON" */;
			productName = SwiftyJSON;
		};
		F68329482BBD781E001BF44B /* Alamofire */ = {
			isa = XCSwiftPackageProductDependency;
			package = F694AE232BA48F9B00022953 /* XCRemoteSwiftPackageReference "Alamofire" */;
			productName = Alamofire;
		};
		F683294A2BBD781E001BF44B /* AlamofireDynamic */ = {
			isa = XCSwiftPackageProductDependency;
			package = F694AE232BA48F9B00022953 /* XCRemoteSwiftPackageReference "Alamofire" */;
			productName = AlamofireDynamic;
		};
/* End XCSwiftPackageProductDependency section */
	};
	rootObject = F6FD93A22B9A09660075EB99 /* Project object */;
}
